
Microsoft Visual Studio Solution File, Format Version 12.00
# Visual Studio Version 16
VisualStudioVersion = 16.0.31515.178
MinimumVisualStudioVersion = 10.0.40219.1
Project("{FAE04EC0-301F-11D3-BF4B-00C04F79EFBC}") = "AronGibsonMovieDBLab", "AronGibsonMovieDBLab\AronGibsonMovieDBLab.csproj", "{1F226574-52E8-4CC9-8402-0C5FB8858CFA}"
EndProject
Global
	GlobalSection(SolutionConfigurationPlatforms) = preSolution
		Debug|Any CPU = Debug|Any CPU
		Release|Any CPU = Release|Any CPU
	EndGlobalSection
	GlobalSection(ProjectConfigurationPlatforms) = postSolution
		{1F226574-52E8-4CC9-8402-0C5FB8858CFA}.Debug|Any CPU.ActiveCfg = Debug|Any CPU
		{1F226574-52E8-4CC9-8402-0C5FB8858CFA}.Debug|Any CPU.Build.0 = Debug|Any CPU
		{1F226574-52E8-4CC9-8402-0C5FB8858CFA}.Release|Any CPU.ActiveCfg = Release|Any CPU
		{1F226574-52E8-4CC9-8402-0C5FB8858CFA}.Release|Any CPU.Build.0 = Release|Any CPU
	EndGlobalSection
	GlobalSection(SolutionProperties) = preSolution
		HideSolutionNode = FALSE
	EndGlobalSection
	GlobalSection(ExtensibilityGlobals) = postSolution
		SolutionGuid = {F530EECA-D18C-44EA-9EEB-C8B16CBC4378}
	EndGlobalSection
EndGlobal
